
Microsoft Visual Studio Solution File, Format Version 12.00
# Visual Studio 15
VisualStudioVersion = 15.0.26730.12
MinimumVisualStudioVersion = 10.0.40219.1
Project("{FAE04EC0-301F-11D3-BF4B-00C04F79EFBC}") = "UniqueChar", "UniqueChar\UniqueChar.csproj", "{DD9E6C5B-1AE7-45FD-8B4B-4F12B24F6F55}"
EndProject
Project("{FAE04EC0-301F-11D3-BF4B-00C04F79EFBC}") = "UniqueCharacterTest", "UniqueCharacterTest\UniqueCharacterTest.csproj", "{CC91D6B9-511D-4FED-9968-111FAEB965CC}"
EndProject
Global
	GlobalSection(SolutionConfigurationPlatforms) = preSolution
		Debug|Any CPU = Debug|Any CPU
		Release|Any CPU = Release|Any CPU
	EndGlobalSection
	GlobalSection(ProjectConfigurationPlatforms) = postSolution
		{DD9E6C5B-1AE7-45FD-8B4B-4F12B24F6F55}.Debug|Any CPU.ActiveCfg = Debug|Any CPU
		{DD9E6C5B-1AE7-45FD-8B4B-4F12B24F6F55}.Debug|Any CPU.Build.0 = Debug|Any CPU
		{DD9E6C5B-1AE7-45FD-8B4B-4F12B24F6F55}.Release|Any CPU.ActiveCfg = Release|Any CPU
		{DD9E6C5B-1AE7-45FD-8B4B-4F12B24F6F55}.Release|Any CPU.Build.0 = Release|Any CPU
		{CC91D6B9-511D-4FED-9968-111FAEB965CC}.Debug|Any CPU.ActiveCfg = Debug|Any CPU
		{CC91D6B9-511D-4FED-9968-111FAEB965CC}.Debug|Any CPU.Build.0 = Debug|Any CPU
		{CC91D6B9-511D-4FED-9968-111FAEB965CC}.Release|Any CPU.ActiveCfg = Release|Any CPU
		{CC91D6B9-511D-4FED-9968-111FAEB965CC}.Release|Any CPU.Build.0 = Release|Any CPU
	EndGlobalSection
	GlobalSection(SolutionProperties) = preSolution
		HideSolutionNode = FALSE
	EndGlobalSection
	GlobalSection(ExtensibilityGlobals) = postSolution
		SolutionGuid = {2BFFEA7B-BC92-47B0-AA49-BC6764389A4C}
	EndGlobalSection
EndGlobal
