
Microsoft Visual Studio Solution File, Format Version 12.00
# Visual Studio 15
VisualStudioVersion = 15.0.26730.12
MinimumVisualStudioVersion = 10.0.40219.1
Project("{FAE04EC0-301F-11D3-BF4B-00C04F79EFBC}") = "FavouriteAnimals", "FavouriteAnimals\FavouriteAnimals.csproj", "{0B88085E-00B3-40FB-BD07-8904DF6D4CE8}"
EndProject
Global
	GlobalSection(SolutionConfigurationPlatforms) = preSolution
		Debug|Any CPU = Debug|Any CPU
		Release|Any CPU = Release|Any CPU
	EndGlobalSection
	GlobalSection(ProjectConfigurationPlatforms) = postSolution
		{0B88085E-00B3-40FB-BD07-8904DF6D4CE8}.Debug|Any CPU.ActiveCfg = Debug|Any CPU
		{0B88085E-00B3-40FB-BD07-8904DF6D4CE8}.Debug|Any CPU.Build.0 = Debug|Any CPU
		{0B88085E-00B3-40FB-BD07-8904DF6D4CE8}.Release|Any CPU.ActiveCfg = Release|Any CPU
		{0B88085E-00B3-40FB-BD07-8904DF6D4CE8}.Release|Any CPU.Build.0 = Release|Any CPU
	EndGlobalSection
	GlobalSection(SolutionProperties) = preSolution
		HideSolutionNode = FALSE
	EndGlobalSection
	GlobalSection(ExtensibilityGlobals) = postSolution
		SolutionGuid = {04DC3F50-EA13-483E-A853-2B8236F0AB3F}
	EndGlobalSection
EndGlobal
